// !$*UTF8*$!
{
	archiveVersion = 1;
	classes = {
	};
	objectVersion = 50;
	objects = {

/* Begin PBXBuildFile section */
		F40EBD1B240D63660085B3B4 /* ImagesComponentViewController.swift in Sources */ = {isa = PBXBuildFile; fileRef = F40EBD1A240D63660085B3B4 /* ImagesComponentViewController.swift */; };
		F40EBD1D240D63970085B3B4 /* SliderComponentViewController.swift in Sources */ = {isa = PBXBuildFile; fileRef = F40EBD1C240D63970085B3B4 /* SliderComponentViewController.swift */; };
		F40EBD1F240D63C20085B3B4 /* PickerComponentViewController.swift in Sources */ = {isa = PBXBuildFile; fileRef = F40EBD1E240D63C20085B3B4 /* PickerComponentViewController.swift */; };
		F40EBD21240D63E60085B3B4 /* TempComponentViewController.swift in Sources */ = {isa = PBXBuildFile; fileRef = F40EBD20240D63E60085B3B4 /* TempComponentViewController.swift */; };
		F4B22E63240821D100A14A88 /* AppDelegate.swift in Sources */ = {isa = PBXBuildFile; fileRef = F4B22E62240821D100A14A88 /* AppDelegate.swift */; };
		F4B22E65240821D100A14A88 /* SceneDelegate.swift in Sources */ = {isa = PBXBuildFile; fileRef = F4B22E64240821D100A14A88 /* SceneDelegate.swift */; };
		F4B22E67240821D100A14A88 /* ViewController.swift in Sources */ = {isa = PBXBuildFile; fileRef = F4B22E66240821D100A14A88 /* ViewController.swift */; };
		F4B22E6A240821D100A14A88 /* Main.storyboard in Resources */ = {isa = PBXBuildFile; fileRef = F4B22E68240821D100A14A88 /* Main.storyboard */; };
		F4B22E6C240821D400A14A88 /* Assets.xcassets in Resources */ = {isa = PBXBuildFile; fileRef = F4B22E6B240821D400A14A88 /* Assets.xcassets */; };
		F4B22E6F240821D400A14A88 /* LaunchScreen.storyboard in Resources */ = {isa = PBXBuildFile; fileRef = F4B22E6D240821D400A14A88 /* LaunchScreen.storyboard */; };
/* End PBXBuildFile section */

/* Begin PBXFileReference section */
		F40EBD1A240D63660085B3B4 /* ImagesComponentViewController.swift */ = {isa = PBXFileReference; lastKnownFileType = sourcecode.swift; path = ImagesComponentViewController.swift; sourceTree = "<group>"; };
		F40EBD1C240D63970085B3B4 /* SliderComponentViewController.swift */ = {isa = PBXFileReference; lastKnownFileType = sourcecode.swift; path = SliderComponentViewController.swift; sourceTree = "<group>"; };
		F40EBD1E240D63C20085B3B4 /* PickerComponentViewController.swift */ = {isa = PBXFileReference; lastKnownFileType = sourcecode.swift; path = PickerComponentViewController.swift; sourceTree = "<group>"; };
		F40EBD20240D63E60085B3B4 /* TempComponentViewController.swift */ = {isa = PBXFileReference; lastKnownFileType = sourcecode.swift; path = TempComponentViewController.swift; sourceTree = "<group>"; };
		F4B22E5F240821D100A14A88 /* assignment3.app */ = {isa = PBXFileReference; explicitFileType = wrapper.application; includeInIndex = 0; path = assignment3.app; sourceTree = BUILT_PRODUCTS_DIR; };
		F4B22E62240821D100A14A88 /* AppDelegate.swift */ = {isa = PBXFileReference; lastKnownFileType = sourcecode.swift; path = AppDelegate.swift; sourceTree = "<group>"; };
		F4B22E64240821D100A14A88 /* SceneDelegate.swift */ = {isa = PBXFileReference; lastKnownFileType = sourcecode.swift; path = SceneDelegate.swift; sourceTree = "<group>"; };
		F4B22E66240821D100A14A88 /* ViewController.swift */ = {isa = PBXFileReference; lastKnownFileType = sourcecode.swift; path = ViewController.swift; sourceTree = "<group>"; };
		F4B22E69240821D100A14A88 /* Base */ = {isa = PBXFileReference; lastKnownFileType = file.storyboard; name = Base; path = Base.lproj/Main.storyboard; sourceTree = "<group>"; };
		F4B22E6B240821D400A14A88 /* Assets.xcassets */ = {isa = PBXFileReference; lastKnownFileType = folder.assetcatalog; path = Assets.xcassets; sourceTree = "<group>"; };
		F4B22E6E240821D400A14A88 /* Base */ = {isa = PBXFileReference; lastKnownFileType = file.storyboard; name = Base; path = Base.lproj/LaunchScreen.storyboard; sourceTree = "<group>"; };
		F4B22E70240821D400A14A88 /* Info.plist */ = {isa = PBXFileReference; lastKnownFileType = text.plist.xml; path = Info.plist; sourceTree = "<group>"; };
/* End PBXFileReference section */

/* Begin PBXFrameworksBuildPhase section */
		F4B22E5C240821D100A14A88 /* Frameworks */ = {
			isa = PBXFrameworksBuildPhase;
			buildActionMask = 2147483647;
			files = (
			);
			runOnlyForDeploymentPostprocessing = 0;
		};
/* End PBXFrameworksBuildPhase section */

/* Begin PBXGroup section */
		F4B22E56240821D100A14A88 = {
			isa = PBXGroup;
			children = (
				F4B22E61240821D100A14A88 /* assignment3 */,
				F4B22E60240821D100A14A88 /* Products */,
			);
			sourceTree = "<group>";
		};
		F4B22E60240821D100A14A88 /* Products */ = {
			isa = PBXGroup;
			children = (
				F4B22E5F240821D100A14A88 /* assignment3.app */,
			);
			name = Products;
			sourceTree = "<group>";
		};
		F4B22E61240821D100A14A88 /* assignment3 */ = {
			isa = PBXGroup;
			children = (
				F4B22E62240821D100A14A88 /* AppDelegate.swift */,
				F4B22E64240821D100A14A88 /* SceneDelegate.swift */,
				F4B22E66240821D100A14A88 /* ViewController.swift */,
				F4B22E68240821D100A14A88 /* Main.storyboard */,
				F4B22E6B240821D400A14A88 /* Assets.xcassets */,
				F4B22E6D240821D400A14A88 /* LaunchScreen.storyboard */,
				F4B22E70240821D400A14A88 /* Info.plist */,
				F40EBD1A240D63660085B3B4 /* ImagesComponentViewController.swift */,
				F40EBD1C240D63970085B3B4 /* SliderComponentViewController.swift */,
				F40EBD1E240D63C20085B3B4 /* PickerComponentViewController.swift */,
				F40EBD20240D63E60085B3B4 /* TempComponentViewController.swift */,
			);
			path = assignment3;
			sourceTree = "<group>";
		};
/* End PBXGroup section */

/* Begin PBXNativeTarget section */
		F4B22E5E240821D100A14A88 /* assignment3 */ = {
			isa = PBXNativeTarget;
			buildConfigurationList = F4B22E73240821D400A14A88 /* Build configuration list for PBXNativeTarget "assignment3" */;
			buildPhases = (
				F4B22E5B240821D100A14A88 /* Sources */,
				F4B22E5C240821D100A14A88 /* Frameworks */,
				F4B22E5D240821D100A14A88 /* Resources */,
			);
			buildRules = (
			);
			dependencies = (
			);
			name = assignment3;
			productName = assignment3;
			productReference = F4B22E5F240821D100A14A88 /* assignment3.app */;
			productType = "com.apple.product-type.application";
		};
/* End PBXNativeTarget section */

/* Begin PBXProject section */
		F4B22E57240821D100A14A88 /* Project object */ = {
			isa = PBXProject;
			attributes = {
				LastSwiftUpdateCheck = 1130;
				LastUpgradeCheck = 1130;
				ORGANIZATIONNAME = "Dylan Shaw";
				TargetAttributes = {
					F4B22E5E240821D100A14A88 = {
						CreatedOnToolsVersion = 11.3.1;
					};
				};
			};
			buildConfigurationList = F4B22E5A240821D100A14A88 /* Build configuration list for PBXProject "assignment3" */;
			compatibilityVersion = "Xcode 9.3";
			developmentRegion = en;
			hasScannedForEncodings = 0;
			knownRegions = (
				en,
				Base,
			);
			mainGroup = F4B22E56240821D100A14A88;
			productRefGroup = F4B22E60240821D100A14A88 /* Products */;
			projectDirPath = "";
			projectRoot = "";
			targets = (
				F4B22E5E240821D100A14A88 /* assignment3 */,
			);
		};
/* End PBXProject section */

/* Begin PBXResourcesBuildPhase section */
		F4B22E5D240821D100A14A88 /* Resources */ = {
			isa = PBXResourcesBuildPhase;
			buildActionMask = 2147483647;
			files = (
				F4B22E6F240821D400A14A88 /* LaunchScreen.storyboard in Resources */,
				F4B22E6C240821D400A14A88 /* Assets.xcassets in Resources */,
				F4B22E6A240821D100A14A88 /* Main.storyboard in Resources */,
			);
			runOnlyForDeploymentPostprocessing = 0;
		};
/* End PBXResourcesBuildPhase section */

/* Begin PBXSourcesBuildPhase section */
		F4B22E5B240821D100A14A88 /* Sources */ = {
			isa = PBXSourcesBuildPhase;
			buildActionMask = 2147483647;
			files = (
				F40EBD21240D63E60085B3B4 /* TempComponentViewController.swift in Sources */,
				F4B22E67240821D100A14A88 /* ViewController.swift in Sources */,
				F4B22E63240821D100A14A88 /* AppDelegate.swift in Sources */,
				F40EBD1F240D63C20085B3B4 /* PickerComponentViewController.swift in Sources */,
				F40EBD1D240D63970085B3B4 /* SliderComponentViewController.swift in Sources */,
				F40EBD1B240D63660085B3B4 /* ImagesComponentViewController.swift in Sources */,
				F4B22E65240821D100A14A88 /* SceneDelegate.swift in Sources */,
			);
			runOnlyForDeploymentPostprocessing = 0;
		};
/* End PBXSourcesBuildPhase section */

/* Begin PBXVariantGroup section */
		F4B22E68240821D100A14A88 /* Main.storyboard */ = {
			isa = PBXVariantGroup;
			children = (
				F4B22E69240821D100A14A88 /* Base */,
			);
			name = Main.storyboard;
			sourceTree = "<group>";
		};
		F4B22E6D240821D400A14A88 /* LaunchScreen.storyboard */ = {
			isa = PBXVariantGroup;
			children = (
				F4B22E6E240821D400A14A88 /* Base */,
			);
			name = LaunchScreen.storyboard;
			sourceTree = "<group>";
		};
/* End PBXVariantGroup section */

/* Begin XCBuildConfiguration section */
		F4B22E71240821D400A14A88 /* Debug */ = {
			isa = XCBuildConfiguration;
			buildSettings = {
				ALWAYS_SEARCH_USER_PATHS = NO;
				CLANG_ANALYZER_NONNULL = YES;
				CLANG_ANALYZER_NUMBER_OBJECT_CONVERSION = YES_AGGRESSIVE;
				CLANG_CXX_LANGUAGE_STANDARD = "gnu++14";
				CLANG_CXX_LIBRARY = "libc++";
				CLANG_ENABLE_MODULES = YES;
				CLANG_ENABLE_OBJC_ARC = YES;
				CLANG_ENABLE_OBJC_WEAK = YES;
				CLANG_WARN_BLOCK_CAPTURE_AUTORELEASING = YES;
				CLANG_WARN_BOOL_CONVERSION = YES;
				CLANG_WARN_COMMA = YES;
				CLANG_WARN_CONSTANT_CONVERSION = YES;
				CLANG_WARN_DEPRECATED_OBJC_IMPLEMENTATIONS = YES;
				CLANG_WARN_DIRECT_OBJC_ISA_USAGE = YES_ERROR;
				CLANG_WARN_DOCUMENTATION_COMMENTS = YES;
				CLANG_WARN_EMPTY_BODY = YES;
				CLANG_WARN_ENUM_CONVERSION = YES;
				CLANG_WARN_INFINITE_RECURSION = YES;
				CLANG_WARN_INT_CONVERSION = YES;
				CLANG_WARN_NON_LITERAL_NULL_CONVERSION = YES;
				CLANG_WARN_OBJC_IMPLICIT_RETAIN_SELF = YES;
				CLANG_WARN_OBJC_LITERAL_CONVERSION = YES;
				CLANG_WARN_OBJC_ROOT_CLASS = YES_ERROR;
				CLANG_WARN_RANGE_LOOP_ANALYSIS = YES;
				CLANG_WARN_STRICT_PROTOTYPES = YES;
				CLANG_WARN_SUSPICIOUS_MOVE = YES;
				CLANG_WARN_UNGUARDED_AVAILABILITY = YES_AGGRESSIVE;
				CLANG_WARN_UNREACHABLE_CODE = YES;
				CLANG_WARN__DUPLICATE_METHOD_MATCH = YES;
				COPY_PHASE_STRIP = NO;
				DEBUG_INFORMATION_FORMAT = dwarf;
				ENABLE_STRICT_OBJC_MSGSEND = YES;
				ENABLE_TESTABILITY = YES;
				GCC_C_LANGUAGE_STANDARD = gnu11;
				GCC_DYNAMIC_NO_PIC = NO;
				GCC_NO_COMMON_BLOCKS = YES;
				GCC_OPTIMIZATION_LEVEL = 0;
				GCC_PREPROCESSOR_DEFINITIONS = (
					"DEBUG=1",
					"$(inherited)",
				);
				GCC_WARN_64_TO_32_BIT_CONVERSION = YES;
				GCC_WARN_ABOUT_RETURN_TYPE = YES_ERROR;
				GCC_WARN_UNDECLARED_SELECTOR = YES;
				GCC_WARN_UNINITIALIZED_AUTOS = YES_AGGRESSIVE;
				GCC_WARN_UNUSED_FUNCTION = YES;
				GCC_WARN_UNUSED_VARIABLE = YES;
				IPHONEOS_DEPLOYMENT_TARGET = 13.2;
				MTL_ENABLE_DEBUG_INFO = INCLUDE_SOURCE;
				MTL_FAST_MATH = YES;
				ONLY_ACTIVE_ARCH = YES;
				SDKROOT = iphoneos;
				SWIFT_ACTIVE_COMPILATION_CONDITIONS = DEBUG;
				SWIFT_OPTIMIZATION_LEVEL = "-Onone";
			};
			name = Debug;
		};
		F4B22E72240821D400A14A88 /* Release */ = {
			isa = XCBuildConfiguration;
			buildSettings = {
				ALWAYS_SEARCH_USER_PATHS = NO;
				CLANG_ANALYZER_NONNULL = YES;
				CLANG_ANALYZER_NUMBER_OBJECT_CONVERSION = YES_AGGRESSIVE;
				CLANG_CXX_LANGUAGE_STANDARD = "gnu++14";
				CLANG_CXX_LIBRARY = "libc++";
				CLANG_ENABLE_MODULES = YES;
				CLANG_ENABLE_OBJC_ARC = YES;
				CLANG_ENABLE_OBJC_WEAK = YES;
				CLANG_WARN_BLOCK_CAPTURE_AUTORELEASING = YES;
				CLANG_WARN_BOOL_CONVERSION = YES;
				CLANG_WARN_COMMA = YES;
				CLANG_WARN_CONSTANT_CONVERSION = YES;
				CLANG_WARN_DEPRECATED_OBJC_IMPLEMENTATIONS = YES;
				CLANG_WARN_DIRECT_OBJC_ISA_USAGE = YES_ERROR;
				CLANG_WARN_DOCUMENTATION_COMMENTS = YES;
				CLANG_WARN_EMPTY_BODY = YES;
				CLANG_WARN_ENUM_CONVERSION = YES;
				CLANG_WARN_INFINITE_RECURSION = YES;
				CLANG_WARN_INT_CONVERSION = YES;
				CLANG_WARN_NON_LITERAL_NULL_CONVERSION = YES;
				CLANG_WARN_OBJC_IMPLICIT_RETAIN_SELF = YES;
				CLANG_WARN_OBJC_LITERAL_CONVERSION = YES;
				CLANG_WARN_OBJC_ROOT_CLASS = YES_ERROR;
				CLANG_WARN_RANGE_LOOP_ANALYSIS = YES;
				CLANG_WARN_STRICT_PROTOTYPES = YES;
				CLANG_WARN_SUSPICIOUS_MOVE = YES;
				CLANG_WARN_UNGUARDED_AVAILABILITY = YES_AGGRESSIVE;
				CLANG_WARN_UNREACHABLE_CODE = YES;
				CLANG_WARN__DUPLICATE_METHOD_MATCH = YES;
				COPY_PHASE_STRIP = NO;
				DEBUG_INFORMATION_FORMAT = "dwarf-with-dsym";
				ENABLE_NS_ASSERTIONS = NO;
				ENABLE_STRICT_OBJC_MSGSEND = YES;
				GCC_C_LANGUAGE_STANDARD = gnu11;
				GCC_NO_COMMON_BLOCKS = YES;
				GCC_WARN_64_TO_32_BIT_CONVERSION = YES;
				GCC_WARN_ABOUT_RETURN_TYPE = YES_ERROR;
				GCC_WARN_UNDECLARED_SELECTOR = YES;
				GCC_WARN_UNINITIALIZED_AUTOS = YES_AGGRESSIVE;
				GCC_WARN_UNUSED_FUNCTION = YES;
				GCC_WARN_UNUSED_VARIABLE = YES;
				IPHONEOS_DEPLOYMENT_TARGET = 13.2;
				MTL_ENABLE_DEBUG_INFO = NO;
				MTL_FAST_MATH = YES;
				SDKROOT = iphoneos;
				SWIFT_COMPILATION_MODE = wholemodule;
				SWIFT_OPTIMIZATION_LEVEL = "-O";
				VALIDATE_PRODUCT = YES;
			};
			name = Release;
		};
		F4B22E74240821D400A14A88 /* Debug */ = {
			isa = XCBuildConfiguration;
			buildSettings = {
				ASSETCATALOG_COMPILER_APPICON_NAME = AppIcon;
				CODE_SIGN_STYLE = Automatic;
				INFOPLIST_FILE = assignment3/Info.plist;
				LD_RUNPATH_SEARCH_PATHS = (
					"$(inherited)",
					"@executable_path/Frameworks",
				);
				PRODUCT_BUNDLE_IDENTIFIER = ca.nscc.assignment3;
				PRODUCT_NAME = "$(TARGET_NAME)";
				SWIFT_VERSION = 5.0;
				TARGETED_DEVICE_FAMILY = "1,2";
			};
			name = Debug;
		};
		F4B22E75240821D400A14A88 /* Release */ = {
			isa = XCBuildConfiguration;
			buildSettings = {
				ASSETCATALOG_COMPILER_APPICON_NAME = AppIcon;
				CODE_SIGN_STYLE = Automatic;
				INFOPLIST_FILE = assignment3/Info.plist;
				LD_RUNPATH_SEARCH_PATHS = (
					"$(inherited)",
					"@executable_path/Frameworks",
				);
				PRODUCT_BUNDLE_IDENTIFIER = ca.nscc.assignment3;
				PRODUCT_NAME = "$(TARGET_NAME)";
				SWIFT_VERSION = 5.0;
				TARGETED_DEVICE_FAMILY = "1,2";
			};
			name = Release;
		};
/* End XCBuildConfiguration section */

/* Begin XCConfigurationList section */
		F4B22E5A240821D100A14A88 /* Build configuration list for PBXProject "assignment3" */ = {
			isa = XCConfigurationList;
			buildConfigurations = (
				F4B22E71240821D400A14A88 /* Debug */,
				F4B22E72240821D400A14A88 /* Release */,
			);
			defaultConfigurationIsVisible = 0;
			defaultConfigurationName = Release;
		};
		F4B22E73240821D400A14A88 /* Build configuration list for PBXNativeTarget "assignment3" */ = {
			isa = XCConfigurationList;
			buildConfigurations = (
				F4B22E74240821D400A14A88 /* Debug */,
				F4B22E75240821D400A14A88 /* Release */,
			);
			defaultConfigurationIsVisible = 0;
			defaultConfigurationName = Release;
		};
/* End XCConfigurationList section */
	};
	rootObject = F4B22E57240821D100A14A88 /* Project object */;
}
